
Microsoft Visual Studio Solution File, Format Version 12.00
# Visual Studio 15
VisualStudioVersion = 15.0.26124.0
MinimumVisualStudioVersion = 15.0.26124.0
Project("{FAE04EC0-301F-11D3-BF4B-00C04F79EFBC}") = "API", "API\API.csproj", "{B17C545F-2D73-4E6E-BE8F-91022D3AB16B}"
EndProject
Project("{FAE04EC0-301F-11D3-BF4B-00C04F79EFBC}") = "Core", "Core\Core.csproj", "{D87D70A1-12B9-4FE3-B22C-225FF74CC98C}"
EndProject
Project("{FAE04EC0-301F-11D3-BF4B-00C04F79EFBC}") = "Infrastructure", "Infrastructure\Infrastructure.csproj", "{B8CF8C1F-239E-4C87-A16C-24AB9590835E}"
EndProject
Global
	GlobalSection(SolutionConfigurationPlatforms) = preSolution
		Debug|Any CPU = Debug|Any CPU
		Debug|x64 = Debug|x64
		Debug|x86 = Debug|x86
		Release|Any CPU = Release|Any CPU
		Release|x64 = Release|x64
		Release|x86 = Release|x86
	EndGlobalSection
	GlobalSection(SolutionProperties) = preSolution
		HideSolutionNode = FALSE
	EndGlobalSection
	GlobalSection(ProjectConfigurationPlatforms) = postSolution
		{B17C545F-2D73-4E6E-BE8F-91022D3AB16B}.Debug|Any CPU.ActiveCfg = Debug|Any CPU
		{B17C545F-2D73-4E6E-BE8F-91022D3AB16B}.Debug|Any CPU.Build.0 = Debug|Any CPU
		{B17C545F-2D73-4E6E-BE8F-91022D3AB16B}.Debug|x64.ActiveCfg = Debug|Any CPU
		{B17C545F-2D73-4E6E-BE8F-91022D3AB16B}.Debug|x64.Build.0 = Debug|Any CPU
		{B17C545F-2D73-4E6E-BE8F-91022D3AB16B}.Debug|x86.ActiveCfg = Debug|Any CPU
		{B17C545F-2D73-4E6E-BE8F-91022D3AB16B}.Debug|x86.Build.0 = Debug|Any CPU
		{B17C545F-2D73-4E6E-BE8F-91022D3AB16B}.Release|Any CPU.ActiveCfg = Release|Any CPU
		{B17C545F-2D73-4E6E-BE8F-91022D3AB16B}.Release|Any CPU.Build.0 = Release|Any CPU
		{B17C545F-2D73-4E6E-BE8F-91022D3AB16B}.Release|x64.ActiveCfg = Release|Any CPU
		{B17C545F-2D73-4E6E-BE8F-91022D3AB16B}.Release|x64.Build.0 = Release|Any CPU
		{B17C545F-2D73-4E6E-BE8F-91022D3AB16B}.Release|x86.ActiveCfg = Release|Any CPU
		{B17C545F-2D73-4E6E-BE8F-91022D3AB16B}.Release|x86.Build.0 = Release|Any CPU
		{D87D70A1-12B9-4FE3-B22C-225FF74CC98C}.Debug|Any CPU.ActiveCfg = Debug|Any CPU
		{D87D70A1-12B9-4FE3-B22C-225FF74CC98C}.Debug|Any CPU.Build.0 = Debug|Any CPU
		{D87D70A1-12B9-4FE3-B22C-225FF74CC98C}.Debug|x64.ActiveCfg = Debug|Any CPU
		{D87D70A1-12B9-4FE3-B22C-225FF74CC98C}.Debug|x64.Build.0 = Debug|Any CPU
		{D87D70A1-12B9-4FE3-B22C-225FF74CC98C}.Debug|x86.ActiveCfg = Debug|Any CPU
		{D87D70A1-12B9-4FE3-B22C-225FF74CC98C}.Debug|x86.Build.0 = Debug|Any CPU
		{D87D70A1-12B9-4FE3-B22C-225FF74CC98C}.Release|Any CPU.ActiveCfg = Release|Any CPU
		{D87D70A1-12B9-4FE3-B22C-225FF74CC98C}.Release|Any CPU.Build.0 = Release|Any CPU
		{D87D70A1-12B9-4FE3-B22C-225FF74CC98C}.Release|x64.ActiveCfg = Release|Any CPU
		{D87D70A1-12B9-4FE3-B22C-225FF74CC98C}.Release|x64.Build.0 = Release|Any CPU
		{D87D70A1-12B9-4FE3-B22C-225FF74CC98C}.Release|x86.ActiveCfg = Release|Any CPU
		{D87D70A1-12B9-4FE3-B22C-225FF74CC98C}.Release|x86.Build.0 = Release|Any CPU
		{B8CF8C1F-239E-4C87-A16C-24AB9590835E}.Debug|Any CPU.ActiveCfg = Debug|Any CPU
		{B8CF8C1F-239E-4C87-A16C-24AB9590835E}.Debug|Any CPU.Build.0 = Debug|Any CPU
		{B8CF8C1F-239E-4C87-A16C-24AB9590835E}.Debug|x64.ActiveCfg = Debug|Any CPU
		{B8CF8C1F-239E-4C87-A16C-24AB9590835E}.Debug|x64.Build.0 = Debug|Any CPU
		{B8CF8C1F-239E-4C87-A16C-24AB9590835E}.Debug|x86.ActiveCfg = Debug|Any CPU
		{B8CF8C1F-239E-4C87-A16C-24AB9590835E}.Debug|x86.Build.0 = Debug|Any CPU
		{B8CF8C1F-239E-4C87-A16C-24AB9590835E}.Release|Any CPU.ActiveCfg = Release|Any CPU
		{B8CF8C1F-239E-4C87-A16C-24AB9590835E}.Release|Any CPU.Build.0 = Release|Any CPU
		{B8CF8C1F-239E-4C87-A16C-24AB9590835E}.Release|x64.ActiveCfg = Release|Any CPU
		{B8CF8C1F-239E-4C87-A16C-24AB9590835E}.Release|x64.Build.0 = Release|Any CPU
		{B8CF8C1F-239E-4C87-A16C-24AB9590835E}.Release|x86.ActiveCfg = Release|Any CPU
		{B8CF8C1F-239E-4C87-A16C-24AB9590835E}.Release|x86.Build.0 = Release|Any CPU
	EndGlobalSection
EndGlobal
